
Microsoft Visual Studio Solution File, Format Version 12.00
# Visual Studio Version 16
VisualStudioVersion = 16.0.30309.148
MinimumVisualStudioVersion = 10.0.40219.1
Project("{9A19103F-16F7-4668-BE54-9A1E7A4F7556}") = "CRMYIA.Business", "CRMYIA.Business\CRMYIA.Business.csproj", "{D0BD2181-0C6E-4B8F-8C4F-A2C9DBCA0C6C}"
EndProject
Project("{9A19103F-16F7-4668-BE54-9A1E7A4F7556}") = "CRMYIA.Data", "CRMYIA.Data\CRMYIA.Data.csproj", "{24102766-128A-41B1-9A07-20A570CFBD79}"
EndProject
Project("{9A19103F-16F7-4668-BE54-9A1E7A4F7556}") = "CRMYIA.Web", "CRMYIA.Web\CRMYIA.Web.csproj", "{4BFA6219-4120-4B81-8CA5-45B51A615709}"
EndProject
Project("{FAE04EC0-301F-11D3-BF4B-00C04F79EFBC}") = "CRMYIA.Landing", "CRMYIA.Landing\CRMYIA.Landing.csproj", "{16CB4F75-B4EE-4BEA-9EFD-AC21FCAA8835}"
EndProject
Global
	GlobalSection(SolutionConfigurationPlatforms) = preSolution
		Debug|Any CPU = Debug|Any CPU
		Release|Any CPU = Release|Any CPU
	EndGlobalSection
	GlobalSection(ProjectConfigurationPlatforms) = postSolution
		{D0BD2181-0C6E-4B8F-8C4F-A2C9DBCA0C6C}.Debug|Any CPU.ActiveCfg = Debug|Any CPU
		{D0BD2181-0C6E-4B8F-8C4F-A2C9DBCA0C6C}.Debug|Any CPU.Build.0 = Debug|Any CPU
		{D0BD2181-0C6E-4B8F-8C4F-A2C9DBCA0C6C}.Release|Any CPU.ActiveCfg = Release|Any CPU
		{D0BD2181-0C6E-4B8F-8C4F-A2C9DBCA0C6C}.Release|Any CPU.Build.0 = Release|Any CPU
		{24102766-128A-41B1-9A07-20A570CFBD79}.Debug|Any CPU.ActiveCfg = Debug|Any CPU
		{24102766-128A-41B1-9A07-20A570CFBD79}.Debug|Any CPU.Build.0 = Debug|Any CPU
		{24102766-128A-41B1-9A07-20A570CFBD79}.Release|Any CPU.ActiveCfg = Release|Any CPU
		{24102766-128A-41B1-9A07-20A570CFBD79}.Release|Any CPU.Build.0 = Release|Any CPU
		{4BFA6219-4120-4B81-8CA5-45B51A615709}.Debug|Any CPU.ActiveCfg = Debug|Any CPU
		{4BFA6219-4120-4B81-8CA5-45B51A615709}.Debug|Any CPU.Build.0 = Debug|Any CPU
		{4BFA6219-4120-4B81-8CA5-45B51A615709}.Release|Any CPU.ActiveCfg = Release|Any CPU
		{4BFA6219-4120-4B81-8CA5-45B51A615709}.Release|Any CPU.Build.0 = Release|Any CPU
		{16CB4F75-B4EE-4BEA-9EFD-AC21FCAA8835}.Debug|Any CPU.ActiveCfg = Debug|Any CPU
		{16CB4F75-B4EE-4BEA-9EFD-AC21FCAA8835}.Debug|Any CPU.Build.0 = Debug|Any CPU
		{16CB4F75-B4EE-4BEA-9EFD-AC21FCAA8835}.Release|Any CPU.ActiveCfg = Release|Any CPU
		{16CB4F75-B4EE-4BEA-9EFD-AC21FCAA8835}.Release|Any CPU.Build.0 = Release|Any CPU
	EndGlobalSection
	GlobalSection(SolutionProperties) = preSolution
		HideSolutionNode = FALSE
	EndGlobalSection
	GlobalSection(ExtensibilityGlobals) = postSolution
		SolutionGuid = {6DB723AB-A32C-4814-8F2F-5F375333679D}
	EndGlobalSection
EndGlobal
